{
  "version": 4,
  "terraform_version": "1.10.5",
  "serial": 401,
  "lineage": "81d4ebc9-dc7c-8b1a-744b-7c69822d2d91",
  "outputs": {
    "instance_public_ip": {
      "value": "34.229.193.3",
      "type": "string"
    },
    "public_ip": {
      "value": "34.229.193.3",
      "type": "string"
    }
  },
  "resources": [
    {
      "mode": "managed",
      "type": "aws_instance",
      "name": "windows_vm",
      "provider": "provider[\"registry.terraform.io/hashicorp/aws\"]",
      "instances": [
        {
          "schema_version": 1,
          "attributes": {
            "ami": "ami-0893df1bd754c3189",
            "arn": "arn:aws:ec2:us-east-1:730335441444:instance/i-0427b5a2088ead0fd",
            "associate_public_ip_address": true,
            "availability_zone": "us-east-1d",
            "capacity_reservation_specification": [
              {
                "capacity_reservation_preference": "open",
                "capacity_reservation_target": []
              }
            ],
            "cpu_core_count": 1,
            "cpu_options": [
              {
                "amd_sev_snp": "",
                "core_count": 1,
                "threads_per_core": 1
              }
            ],
            "cpu_threads_per_core": 1,
            "credit_specification": [
              {
                "cpu_credits": "standard"
              }
            ],
            "disable_api_stop": false,
            "disable_api_termination": false,
            "ebs_block_device": [],
            "ebs_optimized": false,
            "enable_primary_ipv6": null,
            "enclave_options": [
              {
                "enabled": false
              }
            ],
            "ephemeral_block_device": [],
            "get_password_data": false,
            "hibernation": false,
            "host_id": "",
            "host_resource_group_arn": null,
            "iam_instance_profile": "",
            "id": "i-0427b5a2088ead0fd",
            "instance_initiated_shutdown_behavior": "stop",
            "instance_lifecycle": "",
            "instance_market_options": [],
            "instance_state": "running",
            "instance_type": "t2.micro",
            "ipv6_address_count": 0,
            "ipv6_addresses": [],
            "key_name": "chave-terraform",
            "launch_template": [],
            "maintenance_options": [
              {
                "auto_recovery": "default"
              }
            ],
            "metadata_options": [
              {
                "http_endpoint": "enabled",
                "http_protocol_ipv6": "disabled",
                "http_put_response_hop_limit": 1,
                "http_tokens": "optional",
                "instance_metadata_tags": "disabled"
              }
            ],
            "monitoring": false,
            "network_interface": [],
            "outpost_arn": "",
            "password_data": "",
            "placement_group": "",
            "placement_partition_number": 0,
            "primary_network_interface_id": "eni-0ae3870367f2bd47a",
            "private_dns": "ip-172-31-31-51.ec2.internal",
            "private_dns_name_options": [
              {
                "enable_resource_name_dns_a_record": false,
                "enable_resource_name_dns_aaaa_record": false,
                "hostname_type": "ip-name"
              }
            ],
            "private_ip": "172.31.31.51",
            "public_dns": "ec2-34-229-193-3.compute-1.amazonaws.com",
            "public_ip": "34.229.193.3",
            "root_block_device": [
              {
                "delete_on_termination": true,
                "device_name": "/dev/sda1",
                "encrypted": false,
                "iops": 100,
                "kms_key_id": "",
                "tags": {},
                "tags_all": {},
                "throughput": 0,
                "volume_id": "vol-09a3c2216fcbdca21",
                "volume_size": 30,
                "volume_type": "gp2"
              }
            ],
            "secondary_private_ips": [],
            "security_groups": [
              "winrm_sg"
            ],
            "source_dest_check": true,
            "spot_instance_request_id": "",
            "subnet_id": "subnet-0fad0d4348ff11787",
            "tags": {
              "Name": "Windows-Server"
            },
            "tags_all": {
              "Name": "Windows-Server"
            },
            "tenancy": "default",
            "timeouts": null,
            "user_data": "4abac21ef66d871a1b05a9d7607e5ed611eaaedc",
            "user_data_base64": null,
            "user_data_replace_on_change": false,
            "volume_tags": null,
            "vpc_security_group_ids": [
              "sg-0218d82b0f370911d"
            ]
          },
          "sensitive_attributes": [],
          "private": "eyJlMmJmYjczMC1lY2FhLTExZTYtOGY4OC0zNDM2M2JjN2M0YzAiOnsiY3JlYXRlIjo2MDAwMDAwMDAwMDAsImRlbGV0ZSI6MTIwMDAwMDAwMDAwMCwicmVhZCI6OTAwMDAwMDAwMDAwLCJ1cGRhdGUiOjYwMDAwMDAwMDAwMH0sInNjaGVtYV92ZXJzaW9uIjoiMSJ9",
          "dependencies": [
            "aws_key_pair.generated_key",
            "aws_security_group.winrm_sg",
            "tls_private_key.rsa_key"
          ]
        }
      ]
    },
    {
      "mode": "managed",
      "type": "aws_key_pair",
      "name": "generated_key",
      "provider": "provider[\"registry.terraform.io/hashicorp/aws\"]",
      "instances": [
        {
          "schema_version": 1,
          "attributes": {
            "arn": "arn:aws:ec2:us-east-1:730335441444:key-pair/chave-terraform",
            "fingerprint": "5c:c4:20:ea:f0:a9:86:17:7b:96:0f:e5:86:86:ad:b2",
            "id": "chave-terraform",
            "key_name": "chave-terraform",
            "key_name_prefix": "",
            "key_pair_id": "key-0a9bb48b784f6d6ee",
            "key_type": "rsa",
            "public_key": "ssh-rsa AAAAB3NzaC1yc2EAAAADAQABAAABAQDEgWeIflUjFE3+c9xaLNoXFayluzx4RNUd30IvAwGEIE7vhRDThl4LorfEidUKDKsk8jPg9zz58TD4zom7Tp8gSYq7QEq9khNrwCweTdmoSnhS/BVIKH8jtgiwp5QGT+SSNbhqrPd4MH9b/IalBghPtBZ6mDwwRQfHUpNR2Du5EuPiVKp8dVvR+dURI+heSMLfgii7wPqXLXyL3i2niaiwP1RAnuRQUbDNMVwK2U17Lx8s8YHBVsgZrcvGX+FMvvi0F8pGC5X9OfTrtfQuyRQD50Hkb74FurZIscfjXSTeVJ+0buvizqi9HbmCJUziBS1A2XKg3E17SfRFZwjFd+Wh",
            "tags": null,
            "tags_all": {}
          },
          "sensitive_attributes": [],
          "private": "eyJzY2hlbWFfdmVyc2lvbiI6IjEifQ==",
          "dependencies": [
            "tls_private_key.rsa_key"
          ]
        }
      ]
    },
    {
      "mode": "managed",
      "type": "aws_security_group",
      "name": "winrm_sg",
      "provider": "provider[\"registry.terraform.io/hashicorp/aws\"]",
      "instances": [
        {
          "schema_version": 1,
          "attributes": {
            "arn": "arn:aws:ec2:us-east-1:730335441444:security-group/sg-0218d82b0f370911d",
            "description": "Habilita RDP e WinRM HTTPS",
            "egress": [
              {
                "cidr_blocks": [
                  "0.0.0.0/0"
                ],
                "description": "",
                "from_port": 0,
                "ipv6_cidr_blocks": [],
                "prefix_list_ids": [],
                "protocol": "-1",
                "security_groups": [],
                "self": false,
                "to_port": 0
              }
            ],
            "id": "sg-0218d82b0f370911d",
            "ingress": [
              {
                "cidr_blocks": [
                  "0.0.0.0/0"
                ],
                "description": "",
                "from_port": 3389,
                "ipv6_cidr_blocks": [],
                "prefix_list_ids": [],
                "protocol": "tcp",
                "security_groups": [],
                "self": false,
                "to_port": 3389
              },
              {
                "cidr_blocks": [
                  "0.0.0.0/0"
                ],
                "description": "",
                "from_port": 5986,
                "ipv6_cidr_blocks": [],
                "prefix_list_ids": [],
                "protocol": "tcp",
                "security_groups": [],
                "self": false,
                "to_port": 5986
              }
            ],
            "name": "winrm_sg",
            "name_prefix": "",
            "owner_id": "730335441444",
            "revoke_rules_on_delete": false,
            "tags": null,
            "tags_all": {},
            "timeouts": null,
            "vpc_id": "vpc-02803a7087943a160"
          },
          "sensitive_attributes": [],
          "private": "eyJlMmJmYjczMC1lY2FhLTExZTYtOGY4OC0zNDM2M2JjN2M0YzAiOnsiY3JlYXRlIjo2MDAwMDAwMDAwMDAsImRlbGV0ZSI6OTAwMDAwMDAwMDAwfSwic2NoZW1hX3ZlcnNpb24iOiIxIn0="
        }
      ]
    },
    {
      "mode": "managed",
      "type": "local_file",
      "name": "private_key",
      "provider": "provider[\"registry.terraform.io/hashicorp/local\"]",
      "instances": [
        {
          "schema_version": 0,
          "attributes": {
            "content": "-----BEGIN RSA PRIVATE KEY-----\nMIIEpAIBAAKCAQEAxIFniH5VIxRN/nPcWizaFxWspbs8eETVHd9CLwMBhCBO74UQ\n04ZeC6K3xInVCgyrJPIz4Pc8+fEw+M6Ju06fIEmKu0BKvZITa8AsHk3ZqEp4UvwV\nSCh/I7YIsKeUBk/kkjW4aqz3eDB/W/yGpQYIT7QWepg8MEUHx1KTUdg7uRLj4lSq\nfHVb0fnVESPoXkjC34Iou8D6ly18i94tp4mosD9UQJ7kUFGwzTFcCtlNey8fLPGB\nwVbIGa3Lxl/hTL74tBfKRguV/Tn067X0LskUA+dB5G++Bbq2SLHH410k3lSftG7r\n4s6ovR25giVM4gUtQNlyoNxNe0n0RWcIxXfloQIDAQABAoIBAHIRWCNAinVJhRjO\n8ruZy6OY3lZ6QNjjw/6KKeYWTZwAETIywRi4qAEDHL/G7tbdkb9ppTnS6x9/pdjY\nM9V6Bx778b9Oy9QNZp6muDWDJXTufbhWQphXga4eLh81t9SOLfW9n2a1LxYiuNuR\n1CsZPFvgAyh5FH9EowZOZdwdtFVynoghfNXXNria+H3/lcKmbtZ90BtK4lDIdPUm\nuG1hgLDcEMLYWlcu1SKkOjZy0AjNlSQhGMM3L55dij3b695b/HnTjCXvDpZAQLy5\nTrF4MD78ZB19gezaQntVSckLdd97oEpi0R23iC7zM6rQ0EqzCXJvnGcVUlZtzK5Y\n7yI57Z0CgYEAx11xIaW/bmzIEttt+NIOKjvcKk2vT4+imL3DjEjoCzKkRH9o0ysQ\nDDFa11Rh5JkGkPK9jsyNqrXhA7FpyPwiv3XbY4h+81eDKtKpFgU5Omz0jySUZ998\nSMSsXZGtsJpDr/Bd8J3dxTEf4JD/RnjHQgOp4BNaz4ZSpDhVz6HOD3MCgYEA/FQB\n7/myEVShC8KuRdQOLF+LVCH33vDjAsaQDuaOMbTHwL2hZ1Ryg+bJINOHoXA97Y/w\nO8qPX1bbylcYVcqNMscPqKuPjWTz+L65Ojn2OveVCki2LMhLviC7oqCEQMmlCqtU\nN3H39kHwyeAIamyVhpY2jvmQzFV5yPKF557QiZsCgYBdHP5mubQkDfiQHh5J1Um6\nXgThWTElFq/ZaN/5GGAQQtHIED3USsuO9ko4QfgKvZH8hvMTy+PqtFHo2KbQsTpF\nc/VIkorAesIPcR5542ysJhE+/dW2ggHZNspOVWjrD9HHTZuCcykOHXiG+RHRRz3B\nTla8Ci4iuNjGTG1/sVG9kwKBgQDUQm7myiuK/KAE3p3vS7Uoiq8P9QsoVYcBnLsu\nbbAMDEFE18Bgxd8XKhrjLE4Z9euCXeT+xyTYVJ7LlXx5HsysfFulzbwSe2voQbhb\nTMrfS8nqPsRQ46UjqTFuWo0mWvolAX70rUCjvVCq4XTy4aje8JmwqCuwV+78pVcT\nQru2JQKBgQDADIym7Cz7EuJREDMSvBW3V2l4ZnHO81ETp5Dosi3Kq5DgD1nfhP0k\ndTlamrPDpgdgZ5F+cE52uRSWM5FDLF+3yxauG1PUY/Ryd2vBpBW2ubmDy4wRl7Yp\nXL1jie5PKILzsMkLMU/0zyXcv4o1VJhtZk+CMF8zcVCiMM1Tb7cKJQ==\n-----END RSA PRIVATE KEY-----\n",
            "content_base64": null,
            "content_base64sha256": "2FOY7QIWmbwRG5Sw6y8Li6GYfSshvs0I5BrpyJu2GnA=",
            "content_base64sha512": "+qLvOiSl4h4+to9fq7dlcDGZ5c97l6mHZbEomoaHGJqn5EK3rXEZEWtLkNwK2XpRjqfMROdcsBxdmM//EuiBBw==",
            "content_md5": "1c5dcc10ae128d015939b381584e3a58",
            "content_sha1": "5e979ed32a2d2dda29df8ca7e01eb80c85bcaa8a",
            "content_sha256": "d85398ed021699bc111b94b0eb2f0b8ba1987d2b21becd08e41ae9c89bb61a70",
            "content_sha512": "faa2ef3a24a5e21e3eb68f5fabb765703199e5cf7b97a98765b1289a8687189aa7e442b7ad7119116b4b90dc0ad97a518ea7cc44e75cb01c5d98cfff12e88107",
            "directory_permission": "0777",
            "file_permission": "0600",
            "filename": "./chave-terraform.pem",
            "id": "5e979ed32a2d2dda29df8ca7e01eb80c85bcaa8a",
            "sensitive_content": null,
            "source": null
          },
          "sensitive_attributes": [
            [
              {
                "type": "get_attr",
                "value": "sensitive_content"
              }
            ],
            [
              {
                "type": "get_attr",
                "value": "content"
              }
            ]
          ],
          "dependencies": [
            "tls_private_key.rsa_key"
          ]
        }
      ]
    },
    {
      "mode": "managed",
      "type": "tls_private_key",
      "name": "rsa_key",
      "provider": "provider[\"registry.terraform.io/hashicorp/tls\"]",
      "instances": [
        {
          "schema_version": 1,
          "attributes": {
            "algorithm": "RSA",
            "ecdsa_curve": "P224",
            "id": "b7e94b4cadae1d21bdc9aa938bbf0ca66b1e5872",
            "private_key_openssh": "-----BEGIN OPENSSH PRIVATE KEY-----\nb3BlbnNzaC1rZXktdjEAAAAABG5vbmUAAAAEbm9uZQAAAAAAAAABAAABFwAAAAdz\nc2gtcnNhAAAAAwEAAQAAAQEAxIFniH5VIxRN/nPcWizaFxWspbs8eETVHd9CLwMB\nhCBO74UQ04ZeC6K3xInVCgyrJPIz4Pc8+fEw+M6Ju06fIEmKu0BKvZITa8AsHk3Z\nqEp4UvwVSCh/I7YIsKeUBk/kkjW4aqz3eDB/W/yGpQYIT7QWepg8MEUHx1KTUdg7\nuRLj4lSqfHVb0fnVESPoXkjC34Iou8D6ly18i94tp4mosD9UQJ7kUFGwzTFcCtlN\ney8fLPGBwVbIGa3Lxl/hTL74tBfKRguV/Tn067X0LskUA+dB5G++Bbq2SLHH410k\n3lSftG7r4s6ovR25giVM4gUtQNlyoNxNe0n0RWcIxXfloQAAA7gsJInZLCSJ2QAA\nAAdzc2gtcnNhAAABAQDEgWeIflUjFE3+c9xaLNoXFayluzx4RNUd30IvAwGEIE7v\nhRDThl4LorfEidUKDKsk8jPg9zz58TD4zom7Tp8gSYq7QEq9khNrwCweTdmoSnhS\n/BVIKH8jtgiwp5QGT+SSNbhqrPd4MH9b/IalBghPtBZ6mDwwRQfHUpNR2Du5EuPi\nVKp8dVvR+dURI+heSMLfgii7wPqXLXyL3i2niaiwP1RAnuRQUbDNMVwK2U17Lx8s\n8YHBVsgZrcvGX+FMvvi0F8pGC5X9OfTrtfQuyRQD50Hkb74FurZIscfjXSTeVJ+0\nbuvizqi9HbmCJUziBS1A2XKg3E17SfRFZwjFd+WhAAAAAwEAAQAAAQByEVgjQIp1\nSYUYzvK7mcujmN5WekDY48P+iinmFk2cABEyMsEYuKgBAxy/xu7W3ZG/aaU50usf\nf6XY2DPVegce+/G/TsvUDWaeprg1gyV07n24VkKYV4GuHi4fNbfUji31vZ9mtS8W\nIrjbkdQrGTxb4AMoeRR/RKMGTmXcHbRVcp6IIXzV1za4mvh9/5XCpm7WfdAbSuJQ\nyHT1JrhtYYCw3BDC2FpXLtUipDo2ctAIzZUkIRjDNy+eXYo92+veW/x504wl7w6W\nQEC8uU6xeDA+/GQdfYHs2kJ7VUnJC3Xfe6BKYtEdt4gu8zOq0NBKswlyb5xnFVJW\nbcyuWO8iOe2dAAAAgQDADIym7Cz7EuJREDMSvBW3V2l4ZnHO81ETp5Dosi3Kq5Dg\nD1nfhP0kdTlamrPDpgdgZ5F+cE52uRSWM5FDLF+3yxauG1PUY/Ryd2vBpBW2ubmD\ny4wRl7YpXL1jie5PKILzsMkLMU/0zyXcv4o1VJhtZk+CMF8zcVCiMM1Tb7cKJQAA\nAIEAx11xIaW/bmzIEttt+NIOKjvcKk2vT4+imL3DjEjoCzKkRH9o0ysQDDFa11Rh\n5JkGkPK9jsyNqrXhA7FpyPwiv3XbY4h+81eDKtKpFgU5Omz0jySUZ998SMSsXZGt\nsJpDr/Bd8J3dxTEf4JD/RnjHQgOp4BNaz4ZSpDhVz6HOD3MAAACBAPxUAe/5shFU\noQvCrkXUDixfi1Qh997w4wLGkA7mjjG0x8C9oWdUcoPmySDTh6FwPe2P8DvKj19W\n28pXGFXKjTLHD6irj41k8/i+uTo59jr3lQpItizIS74gu6KghEDJpQqrVDdx9/ZB\n8MngCGpslYaWNo75kMxVecjyheee0ImbAAAAAAEC\n-----END OPENSSH PRIVATE KEY-----\n",
            "private_key_pem": "-----BEGIN RSA PRIVATE KEY-----\nMIIEpAIBAAKCAQEAxIFniH5VIxRN/nPcWizaFxWspbs8eETVHd9CLwMBhCBO74UQ\n04ZeC6K3xInVCgyrJPIz4Pc8+fEw+M6Ju06fIEmKu0BKvZITa8AsHk3ZqEp4UvwV\nSCh/I7YIsKeUBk/kkjW4aqz3eDB/W/yGpQYIT7QWepg8MEUHx1KTUdg7uRLj4lSq\nfHVb0fnVESPoXkjC34Iou8D6ly18i94tp4mosD9UQJ7kUFGwzTFcCtlNey8fLPGB\nwVbIGa3Lxl/hTL74tBfKRguV/Tn067X0LskUA+dB5G++Bbq2SLHH410k3lSftG7r\n4s6ovR25giVM4gUtQNlyoNxNe0n0RWcIxXfloQIDAQABAoIBAHIRWCNAinVJhRjO\n8ruZy6OY3lZ6QNjjw/6KKeYWTZwAETIywRi4qAEDHL/G7tbdkb9ppTnS6x9/pdjY\nM9V6Bx778b9Oy9QNZp6muDWDJXTufbhWQphXga4eLh81t9SOLfW9n2a1LxYiuNuR\n1CsZPFvgAyh5FH9EowZOZdwdtFVynoghfNXXNria+H3/lcKmbtZ90BtK4lDIdPUm\nuG1hgLDcEMLYWlcu1SKkOjZy0AjNlSQhGMM3L55dij3b695b/HnTjCXvDpZAQLy5\nTrF4MD78ZB19gezaQntVSckLdd97oEpi0R23iC7zM6rQ0EqzCXJvnGcVUlZtzK5Y\n7yI57Z0CgYEAx11xIaW/bmzIEttt+NIOKjvcKk2vT4+imL3DjEjoCzKkRH9o0ysQ\nDDFa11Rh5JkGkPK9jsyNqrXhA7FpyPwiv3XbY4h+81eDKtKpFgU5Omz0jySUZ998\nSMSsXZGtsJpDr/Bd8J3dxTEf4JD/RnjHQgOp4BNaz4ZSpDhVz6HOD3MCgYEA/FQB\n7/myEVShC8KuRdQOLF+LVCH33vDjAsaQDuaOMbTHwL2hZ1Ryg+bJINOHoXA97Y/w\nO8qPX1bbylcYVcqNMscPqKuPjWTz+L65Ojn2OveVCki2LMhLviC7oqCEQMmlCqtU\nN3H39kHwyeAIamyVhpY2jvmQzFV5yPKF557QiZsCgYBdHP5mubQkDfiQHh5J1Um6\nXgThWTElFq/ZaN/5GGAQQtHIED3USsuO9ko4QfgKvZH8hvMTy+PqtFHo2KbQsTpF\nc/VIkorAesIPcR5542ysJhE+/dW2ggHZNspOVWjrD9HHTZuCcykOHXiG+RHRRz3B\nTla8Ci4iuNjGTG1/sVG9kwKBgQDUQm7myiuK/KAE3p3vS7Uoiq8P9QsoVYcBnLsu\nbbAMDEFE18Bgxd8XKhrjLE4Z9euCXeT+xyTYVJ7LlXx5HsysfFulzbwSe2voQbhb\nTMrfS8nqPsRQ46UjqTFuWo0mWvolAX70rUCjvVCq4XTy4aje8JmwqCuwV+78pVcT\nQru2JQKBgQDADIym7Cz7EuJREDMSvBW3V2l4ZnHO81ETp5Dosi3Kq5DgD1nfhP0k\ndTlamrPDpgdgZ5F+cE52uRSWM5FDLF+3yxauG1PUY/Ryd2vBpBW2ubmDy4wRl7Yp\nXL1jie5PKILzsMkLMU/0zyXcv4o1VJhtZk+CMF8zcVCiMM1Tb7cKJQ==\n-----END RSA PRIVATE KEY-----\n",
            "private_key_pem_pkcs8": "-----BEGIN PRIVATE KEY-----\nMIIEvgIBADANBgkqhkiG9w0BAQEFAASCBKgwggSkAgEAAoIBAQDEgWeIflUjFE3+\nc9xaLNoXFayluzx4RNUd30IvAwGEIE7vhRDThl4LorfEidUKDKsk8jPg9zz58TD4\nzom7Tp8gSYq7QEq9khNrwCweTdmoSnhS/BVIKH8jtgiwp5QGT+SSNbhqrPd4MH9b\n/IalBghPtBZ6mDwwRQfHUpNR2Du5EuPiVKp8dVvR+dURI+heSMLfgii7wPqXLXyL\n3i2niaiwP1RAnuRQUbDNMVwK2U17Lx8s8YHBVsgZrcvGX+FMvvi0F8pGC5X9OfTr\ntfQuyRQD50Hkb74FurZIscfjXSTeVJ+0buvizqi9HbmCJUziBS1A2XKg3E17SfRF\nZwjFd+WhAgMBAAECggEAchFYI0CKdUmFGM7yu5nLo5jeVnpA2OPD/oop5hZNnAAR\nMjLBGLioAQMcv8bu1t2Rv2mlOdLrH3+l2Ngz1XoHHvvxv07L1A1mnqa4NYMldO59\nuFZCmFeBrh4uHzW31I4t9b2fZrUvFiK425HUKxk8W+ADKHkUf0SjBk5l3B20VXKe\niCF81dc2uJr4ff+VwqZu1n3QG0riUMh09Sa4bWGAsNwQwthaVy7VIqQ6NnLQCM2V\nJCEYwzcvnl2KPdvr3lv8edOMJe8OlkBAvLlOsXgwPvxkHX2B7NpCe1VJyQt133ug\nSmLRHbeILvMzqtDQSrMJcm+cZxVSVm3MrljvIjntnQKBgQDHXXEhpb9ubMgS2234\n0g4qO9wqTa9Pj6KYvcOMSOgLMqREf2jTKxAMMVrXVGHkmQaQ8r2OzI2qteEDsWnI\n/CK/ddtjiH7zV4Mq0qkWBTk6bPSPJJRn33xIxKxdka2wmkOv8F3wnd3FMR/gkP9G\neMdCA6ngE1rPhlKkOFXPoc4PcwKBgQD8VAHv+bIRVKELwq5F1A4sX4tUIffe8OMC\nxpAO5o4xtMfAvaFnVHKD5skg04ehcD3tj/A7yo9fVtvKVxhVyo0yxw+oq4+NZPP4\nvrk6OfY695UKSLYsyEu+ILuioIRAyaUKq1Q3cff2QfDJ4AhqbJWGljaO+ZDMVXnI\n8oXnntCJmwKBgF0c/ma5tCQN+JAeHknVSbpeBOFZMSUWr9lo3/kYYBBC0cgQPdRK\ny472SjhB+Aq9kfyG8xPL4+q0UejYptCxOkVz9UiSisB6wg9xHnnjbKwmET791baC\nAdk2yk5VaOsP0cdNm4JzKQ4deIb5EdFHPcFOVrwKLiK42MZMbX+xUb2TAoGBANRC\nbubKK4r8oATene9LtSiKrw/1CyhVhwGcuy5tsAwMQUTXwGDF3xcqGuMsThn164Jd\n5P7HJNhUnsuVfHkezKx8W6XNvBJ7a+hBuFtMyt9Lyeo+xFDjpSOpMW5ajSZa+iUB\nfvStQKO9UKrhdPLhqN7wmbCoK7BX7vylVxNCu7YlAoGBAMAMjKbsLPsS4lEQMxK8\nFbdXaXhmcc7zUROnkOiyLcqrkOAPWd+E/SR1OVqas8OmB2BnkX5wTna5FJYzkUMs\nX7fLFq4bU9Rj9HJ3a8GkFba5uYPLjBGXtilcvWOJ7k8ogvOwyQsxT/TPJdy/ijVU\nmG1mT4IwXzNxUKIwzVNvtwol\n-----END PRIVATE KEY-----\n",
            "public_key_fingerprint_md5": "46:27:f7:0f:e9:65:41:29:51:af:b3:d1:4f:1a:85:cb",
            "public_key_fingerprint_sha256": "SHA256:gnM1bRugaKa0SLyYUxPdhK839vI+55rmDwvYj97VN5I",
            "public_key_openssh": "ssh-rsa AAAAB3NzaC1yc2EAAAADAQABAAABAQDEgWeIflUjFE3+c9xaLNoXFayluzx4RNUd30IvAwGEIE7vhRDThl4LorfEidUKDKsk8jPg9zz58TD4zom7Tp8gSYq7QEq9khNrwCweTdmoSnhS/BVIKH8jtgiwp5QGT+SSNbhqrPd4MH9b/IalBghPtBZ6mDwwRQfHUpNR2Du5EuPiVKp8dVvR+dURI+heSMLfgii7wPqXLXyL3i2niaiwP1RAnuRQUbDNMVwK2U17Lx8s8YHBVsgZrcvGX+FMvvi0F8pGC5X9OfTrtfQuyRQD50Hkb74FurZIscfjXSTeVJ+0buvizqi9HbmCJUziBS1A2XKg3E17SfRFZwjFd+Wh\n",
            "public_key_pem": "-----BEGIN PUBLIC KEY-----\nMIIBIjANBgkqhkiG9w0BAQEFAAOCAQ8AMIIBCgKCAQEAxIFniH5VIxRN/nPcWiza\nFxWspbs8eETVHd9CLwMBhCBO74UQ04ZeC6K3xInVCgyrJPIz4Pc8+fEw+M6Ju06f\nIEmKu0BKvZITa8AsHk3ZqEp4UvwVSCh/I7YIsKeUBk/kkjW4aqz3eDB/W/yGpQYI\nT7QWepg8MEUHx1KTUdg7uRLj4lSqfHVb0fnVESPoXkjC34Iou8D6ly18i94tp4mo\nsD9UQJ7kUFGwzTFcCtlNey8fLPGBwVbIGa3Lxl/hTL74tBfKRguV/Tn067X0LskU\nA+dB5G++Bbq2SLHH410k3lSftG7r4s6ovR25giVM4gUtQNlyoNxNe0n0RWcIxXfl\noQIDAQAB\n-----END PUBLIC KEY-----\n",
            "rsa_bits": 2048
          },
          "sensitive_attributes": [
            [
              {
                "type": "get_attr",
                "value": "private_key_pem_pkcs8"
              }
            ],
            [
              {
                "type": "get_attr",
                "value": "private_key_pem"
              }
            ],
            [
              {
                "type": "get_attr",
                "value": "private_key_openssh"
              }
            ]
          ]
        }
      ]
    }
  ],
  "check_results": null
}
